
Microsoft Visual Studio Solution File, Format Version 12.00
# Visual Studio Version 16
VisualStudioVersion = 16.0.31321.278
MinimumVisualStudioVersion = 10.0.40219.1
Project("{FAE04EC0-301F-11D3-BF4B-00C04F79EFBC}") = "MVCX1", "MVCX1\MVCX1.csproj", "{DE73AC73-C371-438F-B6FB-0CA11F298F0A}"
EndProject
Global
	GlobalSection(SolutionConfigurationPlatforms) = preSolution
		Debug|Any CPU = Debug|Any CPU
		Release|Any CPU = Release|Any CPU
	EndGlobalSection
	GlobalSection(ProjectConfigurationPlatforms) = postSolution
		{DE73AC73-C371-438F-B6FB-0CA11F298F0A}.Debug|Any CPU.ActiveCfg = Debug|Any CPU
		{DE73AC73-C371-438F-B6FB-0CA11F298F0A}.Debug|Any CPU.Build.0 = Debug|Any CPU
		{DE73AC73-C371-438F-B6FB-0CA11F298F0A}.Release|Any CPU.ActiveCfg = Release|Any CPU
		{DE73AC73-C371-438F-B6FB-0CA11F298F0A}.Release|Any CPU.Build.0 = Release|Any CPU
	EndGlobalSection
	GlobalSection(SolutionProperties) = preSolution
		HideSolutionNode = FALSE
	EndGlobalSection
	GlobalSection(ExtensibilityGlobals) = postSolution
		SolutionGuid = {59089A5E-ED3D-4A82-B274-B567C68D046C}
	EndGlobalSection
EndGlobal
